Microsoft Visual Studio Solution File, Format Version 12.00
# Visual Studio Version 17
VisualStudioVersion = 17.0.31912.275
MinimumVisualStudioVersion = 10.0.40219.1
Project("{FAE04EC0-301F-11D3-BF4B-00C04F79EFBC}") = "ArturRios.Messaging", "ArturRios.Messaging.csproj", "{6C85EAC2-8876-41C2-814F-5A35D8708F15}"
EndProject
Project("{FAE04EC0-301F-11D3-BF4B-00C04F79EFBC}") = "ArturRios.Messaging.Tests", "..\tests\ArturRios.Messaging.Tests.csproj", "{9B2DA7B8-363C-44D2-9FF0-0A97F3F7E9DF}"
EndProject
Global
	GlobalSection(SolutionConfigurationPlatforms) = preSolution
		Debug|Any CPU = Debug|Any CPU
		Release|Any CPU = Release|Any CPU
	EndGlobalSection
	GlobalSection(ProjectConfigurationPlatforms) = postSolution
		{6C85EAC2-8876-41C2-814F-5A35D8708F15}.Debug|Any CPU.ActiveCfg = Debug|Any CPU
		{6C85EAC2-8876-41C2-814F-5A35D8708F15}.Debug|Any CPU.Build.0 = Debug|Any CPU
		{6C85EAC2-8876-41C2-814F-5A35D8708F15}.Release|Any CPU.ActiveCfg = Release|Any CPU
		{6C85EAC2-8876-41C2-814F-5A35D8708F15}.Release|Any CPU.Build.0 = Release|Any CPU
		{9B2DA7B8-363C-44D2-9FF0-0A97F3F7E9DF}.Debug|Any CPU.ActiveCfg = Debug|Any CPU
		{9B2DA7B8-363C-44D2-9FF0-0A97F3F7E9DF}.Debug|Any CPU.Build.0 = Debug|Any CPU
		{9B2DA7B8-363C-44D2-9FF0-0A97F3F7E9DF}.Release|Any CPU.ActiveCfg = Release|Any CPU
		{9B2DA7B8-363C-44D2-9FF0-0A97F3F7E9DF}.Release|Any CPU.Build.0 = Release|Any CPU
	EndGlobalSection
	GlobalSection(SolutionProperties) = preSolution
		HideSolutionNode = FALSE
	EndGlobalSection
EndGlobal

